{
  "name": "publiclab-leaflet-declarative-layers-prototype",
  "version": "0.0.0",
  "lockfileVersion": 1,
  "requires": true,
  "dependencies": {
    "leaflet": {
      "version": "1.6.0",
      "resolved": "https://registry.npmjs.org/leaflet/-/leaflet-1.6.0.tgz",
      "integrity": "sha512-CPkhyqWUKZKFJ6K8umN5/D2wrJ2+/8UIpXppY7QDnUZW5bZL5+SEI2J7GBpwh4LIupOKqbNSQXgqmrEJopHVNQ=="
    },
    "leaflet-declarative-layers": {
      "version": "0.4.1",
      "resolved": "https://registry.npmjs.org/leaflet-declarative-layers/-/leaflet-declarative-layers-0.4.1.tgz",
      "integrity": "sha512-ORYm/owd/bpbxZmUcjlvNffgbxh1tg7ofXHXRdgRpbGDKsjd4Gd1JsfjeoMJXP8iGOWgzvMc81jWq1XmeUc53w==",
      "requires": {
        "leaflet": "^1.6.0"
      }
    }
  }
}
